
Microsoft Visual Studio Solution File, Format Version 12.00
# Visual Studio Version 17
VisualStudioVersion = 17.3.32929.385
MinimumVisualStudioVersion = 10.0.40219.1
Project("{9A19103F-16F7-4668-BE54-9A1E7A4F7556}") = "Lesson_01", "Lesson_01\Lesson_01.csproj", "{03254E93-0CCB-43C0-AD4A-A14029F1DA4B}"
EndProject
Project("{9A19103F-16F7-4668-BE54-9A1E7A4F7556}") = "Lesson_02", "Lesson_02\Lesson_02.csproj", "{6A83551F-7AC9-42A5-AAE6-DA9C93C58546}"
EndProject
Project("{9A19103F-16F7-4668-BE54-9A1E7A4F7556}") = "Lesson_03", "Lesson_03\Lesson_03.csproj", "{F234A93D-3F46-419D-91EA-9DFCD1B9DF5D}"
EndProject
Project("{9A19103F-16F7-4668-BE54-9A1E7A4F7556}") = "Orders.DAL", "Orders.DAL\Orders.DAL.csproj", "{EAE985C2-12B4-471F-B53C-961B6AF5C19B}"
EndProject
Project("{9A19103F-16F7-4668-BE54-9A1E7A4F7556}") = "Lesson_06", "Lesson_06\Lesson_06.csproj", "{9F65A684-550C-4C9E-934F-DB2D0803670C}"
EndProject
Project("{9A19103F-16F7-4668-BE54-9A1E7A4F7556}") = "Lesson_07", "Lesson_07\Lesson_07.csproj", "{CDC0BED6-65EA-41EA-B3EE-6158C66B086E}"
EndProject
Project("{9A19103F-16F7-4668-BE54-9A1E7A4F7556}") = "Lesson_09", "Lesson_09\Lesson_09.csproj", "{A81643B5-AF82-4DBB-8032-18687C198C4B}"
EndProject
Project("{9A19103F-16F7-4668-BE54-9A1E7A4F7556}") = "Lesson09.DAL", "Employee.DAL\Lesson09.DAL.csproj", "{AC897634-3D2E-4262-A8B9-21DD63CF02FB}"
EndProject
Global
	GlobalSection(SolutionConfigurationPlatforms) = preSolution
		Debug|Any CPU = Debug|Any CPU
		Release|Any CPU = Release|Any CPU
	EndGlobalSection
	GlobalSection(ProjectConfigurationPlatforms) = postSolution
		{03254E93-0CCB-43C0-AD4A-A14029F1DA4B}.Debug|Any CPU.ActiveCfg = Debug|Any CPU
		{03254E93-0CCB-43C0-AD4A-A14029F1DA4B}.Debug|Any CPU.Build.0 = Debug|Any CPU
		{03254E93-0CCB-43C0-AD4A-A14029F1DA4B}.Release|Any CPU.ActiveCfg = Release|Any CPU
		{03254E93-0CCB-43C0-AD4A-A14029F1DA4B}.Release|Any CPU.Build.0 = Release|Any CPU
		{6A83551F-7AC9-42A5-AAE6-DA9C93C58546}.Debug|Any CPU.ActiveCfg = Debug|Any CPU
		{6A83551F-7AC9-42A5-AAE6-DA9C93C58546}.Debug|Any CPU.Build.0 = Debug|Any CPU
		{6A83551F-7AC9-42A5-AAE6-DA9C93C58546}.Release|Any CPU.ActiveCfg = Release|Any CPU
		{6A83551F-7AC9-42A5-AAE6-DA9C93C58546}.Release|Any CPU.Build.0 = Release|Any CPU
		{F234A93D-3F46-419D-91EA-9DFCD1B9DF5D}.Debug|Any CPU.ActiveCfg = Debug|Any CPU
		{F234A93D-3F46-419D-91EA-9DFCD1B9DF5D}.Debug|Any CPU.Build.0 = Debug|Any CPU
		{F234A93D-3F46-419D-91EA-9DFCD1B9DF5D}.Release|Any CPU.ActiveCfg = Release|Any CPU
		{F234A93D-3F46-419D-91EA-9DFCD1B9DF5D}.Release|Any CPU.Build.0 = Release|Any CPU
		{EAE985C2-12B4-471F-B53C-961B6AF5C19B}.Debug|Any CPU.ActiveCfg = Debug|Any CPU
		{EAE985C2-12B4-471F-B53C-961B6AF5C19B}.Debug|Any CPU.Build.0 = Debug|Any CPU
		{EAE985C2-12B4-471F-B53C-961B6AF5C19B}.Release|Any CPU.ActiveCfg = Release|Any CPU
		{EAE985C2-12B4-471F-B53C-961B6AF5C19B}.Release|Any CPU.Build.0 = Release|Any CPU
		{9F65A684-550C-4C9E-934F-DB2D0803670C}.Debug|Any CPU.ActiveCfg = Debug|Any CPU
		{9F65A684-550C-4C9E-934F-DB2D0803670C}.Debug|Any CPU.Build.0 = Debug|Any CPU
		{9F65A684-550C-4C9E-934F-DB2D0803670C}.Release|Any CPU.ActiveCfg = Release|Any CPU
		{9F65A684-550C-4C9E-934F-DB2D0803670C}.Release|Any CPU.Build.0 = Release|Any CPU
		{CDC0BED6-65EA-41EA-B3EE-6158C66B086E}.Debug|Any CPU.ActiveCfg = Debug|Any CPU
		{CDC0BED6-65EA-41EA-B3EE-6158C66B086E}.Debug|Any CPU.Build.0 = Debug|Any CPU
		{CDC0BED6-65EA-41EA-B3EE-6158C66B086E}.Release|Any CPU.ActiveCfg = Release|Any CPU
		{CDC0BED6-65EA-41EA-B3EE-6158C66B086E}.Release|Any CPU.Build.0 = Release|Any CPU
		{A81643B5-AF82-4DBB-8032-18687C198C4B}.Debug|Any CPU.ActiveCfg = Debug|Any CPU
		{A81643B5-AF82-4DBB-8032-18687C198C4B}.Debug|Any CPU.Build.0 = Debug|Any CPU
		{A81643B5-AF82-4DBB-8032-18687C198C4B}.Release|Any CPU.ActiveCfg = Release|Any CPU
		{A81643B5-AF82-4DBB-8032-18687C198C4B}.Release|Any CPU.Build.0 = Release|Any CPU
		{AC897634-3D2E-4262-A8B9-21DD63CF02FB}.Debug|Any CPU.ActiveCfg = Debug|Any CPU
		{AC897634-3D2E-4262-A8B9-21DD63CF02FB}.Debug|Any CPU.Build.0 = Debug|Any CPU
		{AC897634-3D2E-4262-A8B9-21DD63CF02FB}.Release|Any CPU.ActiveCfg = Release|Any CPU
		{AC897634-3D2E-4262-A8B9-21DD63CF02FB}.Release|Any CPU.Build.0 = Release|Any CPU
	EndGlobalSection
	GlobalSection(SolutionProperties) = preSolution
		HideSolutionNode = FALSE
	EndGlobalSection
	GlobalSection(ExtensibilityGlobals) = postSolution
		SolutionGuid = {818DD9DC-369E-4815-8A21-68E33BFCA30D}
	EndGlobalSection
EndGlobal
